
Microsoft Visual Studio Solution File, Format Version 12.00
# Visual Studio Version 17
VisualStudioVersion = 17.3.32825.248
MinimumVisualStudioVersion = 10.0.40219.1
Project("{FAE04EC0-301F-11D3-BF4B-00C04F79EFBC}") = "Tuple_Concept", "Tuple_Concept.csproj", "{DC299ABD-4BAD-4ED1-A098-2C9372BAEE1B}"
EndProject
Global
	GlobalSection(SolutionConfigurationPlatforms) = preSolution
		Debug|Any CPU = Debug|Any CPU
		Release|Any CPU = Release|Any CPU
	EndGlobalSection
	GlobalSection(ProjectConfigurationPlatforms) = postSolution
		{DC299ABD-4BAD-4ED1-A098-2C9372BAEE1B}.Debug|Any CPU.ActiveCfg = Debug|Any CPU
		{DC299ABD-4BAD-4ED1-A098-2C9372BAEE1B}.Debug|Any CPU.Build.0 = Debug|Any CPU
		{DC299ABD-4BAD-4ED1-A098-2C9372BAEE1B}.Release|Any CPU.ActiveCfg = Release|Any CPU
		{DC299ABD-4BAD-4ED1-A098-2C9372BAEE1B}.Release|Any CPU.Build.0 = Release|Any CPU
	EndGlobalSection
	GlobalSection(SolutionProperties) = preSolution
		HideSolutionNode = FALSE
	EndGlobalSection
	GlobalSection(ExtensibilityGlobals) = postSolution
		SolutionGuid = {2E8937F1-7A5A-4065-98E9-2D93B3CD46A4}
	EndGlobalSection
EndGlobal
