
Microsoft Visual Studio Solution File, Format Version 12.00
# Visual Studio Version 17
VisualStudioVersion = 17.3.32825.248
MinimumVisualStudioVersion = 10.0.40219.1
Project("{FAE04EC0-301F-11D3-BF4B-00C04F79EFBC}") = "Ques_07", "Ques_07.csproj", "{AB0CBC4A-BA26-460A-8D24-C85516D4945B}"
EndProject
Global
	GlobalSection(SolutionConfigurationPlatforms) = preSolution
		Debug|Any CPU = Debug|Any CPU
		Release|Any CPU = Release|Any CPU
	EndGlobalSection
	GlobalSection(ProjectConfigurationPlatforms) = postSolution
		{AB0CBC4A-BA26-460A-8D24-C85516D4945B}.Debug|Any CPU.ActiveCfg = Debug|Any CPU
		{AB0CBC4A-BA26-460A-8D24-C85516D4945B}.Debug|Any CPU.Build.0 = Debug|Any CPU
		{AB0CBC4A-BA26-460A-8D24-C85516D4945B}.Release|Any CPU.ActiveCfg = Release|Any CPU
		{AB0CBC4A-BA26-460A-8D24-C85516D4945B}.Release|Any CPU.Build.0 = Release|Any CPU
	EndGlobalSection
	GlobalSection(SolutionProperties) = preSolution
		HideSolutionNode = FALSE
	EndGlobalSection
	GlobalSection(ExtensibilityGlobals) = postSolution
		SolutionGuid = {B30255A0-DFD4-4111-81CD-A5616AEDD6C4}
	EndGlobalSection
EndGlobal
