
Microsoft Visual Studio Solution File, Format Version 12.00
# Visual Studio Version 17
VisualStudioVersion = 17.3.32825.248
MinimumVisualStudioVersion = 10.0.40219.1
Project("{FAE04EC0-301F-11D3-BF4B-00C04F79EFBC}") = "Collage_MVC", "Collage_MVC.csproj", "{D7EA1EB5-A384-4C7B-B60F-E6ED7E78D606}"
EndProject
Global
	GlobalSection(SolutionConfigurationPlatforms) = preSolution
		Debug|Any CPU = Debug|Any CPU
		Release|Any CPU = Release|Any CPU
	EndGlobalSection
	GlobalSection(ProjectConfigurationPlatforms) = postSolution
		{D7EA1EB5-A384-4C7B-B60F-E6ED7E78D606}.Debug|Any CPU.ActiveCfg = Debug|Any CPU
		{D7EA1EB5-A384-4C7B-B60F-E6ED7E78D606}.Debug|Any CPU.Build.0 = Debug|Any CPU
		{D7EA1EB5-A384-4C7B-B60F-E6ED7E78D606}.Release|Any CPU.ActiveCfg = Release|Any CPU
		{D7EA1EB5-A384-4C7B-B60F-E6ED7E78D606}.Release|Any CPU.Build.0 = Release|Any CPU
	EndGlobalSection
	GlobalSection(SolutionProperties) = preSolution
		HideSolutionNode = FALSE
	EndGlobalSection
	GlobalSection(ExtensibilityGlobals) = postSolution
		SolutionGuid = {67D35766-3840-4377-955F-3C5D8658D0F5}
	EndGlobalSection
EndGlobal
