
Microsoft Visual Studio Solution File, Format Version 12.00
# Visual Studio Version 17
VisualStudioVersion = 17.3.32825.248
MinimumVisualStudioVersion = 10.0.40219.1
Project("{FAE04EC0-301F-11D3-BF4B-00C04F79EFBC}") = "Ques_04", "Ques_04.csproj", "{B128A567-FC71-4B10-B6FF-19750455D73D}"
EndProject
Global
	GlobalSection(SolutionConfigurationPlatforms) = preSolution
		Debug|Any CPU = Debug|Any CPU
		Release|Any CPU = Release|Any CPU
	EndGlobalSection
	GlobalSection(ProjectConfigurationPlatforms) = postSolution
		{B128A567-FC71-4B10-B6FF-19750455D73D}.Debug|Any CPU.ActiveCfg = Debug|Any CPU
		{B128A567-FC71-4B10-B6FF-19750455D73D}.Debug|Any CPU.Build.0 = Debug|Any CPU
		{B128A567-FC71-4B10-B6FF-19750455D73D}.Release|Any CPU.ActiveCfg = Release|Any CPU
		{B128A567-FC71-4B10-B6FF-19750455D73D}.Release|Any CPU.Build.0 = Release|Any CPU
	EndGlobalSection
	GlobalSection(SolutionProperties) = preSolution
		HideSolutionNode = FALSE
	EndGlobalSection
	GlobalSection(ExtensibilityGlobals) = postSolution
		SolutionGuid = {92415911-AB6E-4FB4-B395-C3C35062FD8F}
	EndGlobalSection
EndGlobal
