
Microsoft Visual Studio Solution File, Format Version 12.00
# Visual Studio Version 17
VisualStudioVersion = 17.3.32825.248
MinimumVisualStudioVersion = 10.0.40219.1
Project("{FAE04EC0-301F-11D3-BF4B-00C04F79EFBC}") = "Lambda_Ecpression", "Lambda_Ecpression.csproj", "{A2A44694-B9EC-46A2-A3E2-2C9D36F9660F}"
EndProject
Global
	GlobalSection(SolutionConfigurationPlatforms) = preSolution
		Debug|Any CPU = Debug|Any CPU
		Release|Any CPU = Release|Any CPU
	EndGlobalSection
	GlobalSection(ProjectConfigurationPlatforms) = postSolution
		{A2A44694-B9EC-46A2-A3E2-2C9D36F9660F}.Debug|Any CPU.ActiveCfg = Debug|Any CPU
		{A2A44694-B9EC-46A2-A3E2-2C9D36F9660F}.Debug|Any CPU.Build.0 = Debug|Any CPU
		{A2A44694-B9EC-46A2-A3E2-2C9D36F9660F}.Release|Any CPU.ActiveCfg = Release|Any CPU
		{A2A44694-B9EC-46A2-A3E2-2C9D36F9660F}.Release|Any CPU.Build.0 = Release|Any CPU
	EndGlobalSection
	GlobalSection(SolutionProperties) = preSolution
		HideSolutionNode = FALSE
	EndGlobalSection
	GlobalSection(ExtensibilityGlobals) = postSolution
		SolutionGuid = {0C157838-70DB-477F-B13D-C1933C676430}
	EndGlobalSection
EndGlobal
