
Microsoft Visual Studio Solution File, Format Version 12.00
# Visual Studio Version 17
VisualStudioVersion = 17.3.32825.248
MinimumVisualStudioVersion = 10.0.40219.1
Project("{FAE04EC0-301F-11D3-BF4B-00C04F79EFBC}") = "Ques_05", "Ques_05.csproj", "{8E0E3164-3632-4B0F-9E34-1B4D24B8341F}"
EndProject
Global
	GlobalSection(SolutionConfigurationPlatforms) = preSolution
		Debug|Any CPU = Debug|Any CPU
		Release|Any CPU = Release|Any CPU
	EndGlobalSection
	GlobalSection(ProjectConfigurationPlatforms) = postSolution
		{8E0E3164-3632-4B0F-9E34-1B4D24B8341F}.Debug|Any CPU.ActiveCfg = Debug|Any CPU
		{8E0E3164-3632-4B0F-9E34-1B4D24B8341F}.Debug|Any CPU.Build.0 = Debug|Any CPU
		{8E0E3164-3632-4B0F-9E34-1B4D24B8341F}.Release|Any CPU.ActiveCfg = Release|Any CPU
		{8E0E3164-3632-4B0F-9E34-1B4D24B8341F}.Release|Any CPU.Build.0 = Release|Any CPU
	EndGlobalSection
	GlobalSection(SolutionProperties) = preSolution
		HideSolutionNode = FALSE
	EndGlobalSection
	GlobalSection(ExtensibilityGlobals) = postSolution
		SolutionGuid = {8A9147BB-0123-45AE-ABAB-1DE340FA5FE3}
	EndGlobalSection
EndGlobal
