
Microsoft Visual Studio Solution File, Format Version 12.00
# Visual Studio Version 17
VisualStudioVersion = 17.3.32825.248
MinimumVisualStudioVersion = 10.0.40219.1
Project("{FAE04EC0-301F-11D3-BF4B-00C04F79EFBC}") = "Ques_05", "Ques_05.csproj", "{F2C85D2B-6BA4-4A90-961D-0DBE7B9FB2CF}"
EndProject
Global
	GlobalSection(SolutionConfigurationPlatforms) = preSolution
		Debug|Any CPU = Debug|Any CPU
		Release|Any CPU = Release|Any CPU
	EndGlobalSection
	GlobalSection(ProjectConfigurationPlatforms) = postSolution
		{F2C85D2B-6BA4-4A90-961D-0DBE7B9FB2CF}.Debug|Any CPU.ActiveCfg = Debug|Any CPU
		{F2C85D2B-6BA4-4A90-961D-0DBE7B9FB2CF}.Debug|Any CPU.Build.0 = Debug|Any CPU
		{F2C85D2B-6BA4-4A90-961D-0DBE7B9FB2CF}.Release|Any CPU.ActiveCfg = Release|Any CPU
		{F2C85D2B-6BA4-4A90-961D-0DBE7B9FB2CF}.Release|Any CPU.Build.0 = Release|Any CPU
	EndGlobalSection
	GlobalSection(SolutionProperties) = preSolution
		HideSolutionNode = FALSE
	EndGlobalSection
	GlobalSection(ExtensibilityGlobals) = postSolution
		SolutionGuid = {FD147009-04AB-493F-9379-3FBDCE6ABC13}
	EndGlobalSection
EndGlobal
